
Microsoft Visual Studio Solution File, Format Version 12.00
# Visual Studio Version 17
VisualStudioVersion = 17.0.31903.59
MinimumVisualStudioVersion = 10.0.40219.1
Project("{FAE04EC0-301F-11D3-BF4B-00C04F79EFBC}") = "ApiDemo.Api", "ApiDemo.Api\ApiDemo.Api.csproj", "{B77DA69A-D154-427F-A5CA-6EF8321E595A}"
EndProject
Global
	GlobalSection(SolutionConfigurationPlatforms) = preSolution
		Debug|Any CPU = Debug|Any CPU
		Debug|x64 = Debug|x64
		Debug|x86 = Debug|x86
		Release|Any CPU = Release|Any CPU
		Release|x64 = Release|x64
		Release|x86 = Release|x86
	EndGlobalSection
	GlobalSection(ProjectConfigurationPlatforms) = postSolution
		{B77DA69A-D154-427F-A5CA-6EF8321E595A}.Debug|Any CPU.ActiveCfg = Debug|Any CPU
		{B77DA69A-D154-427F-A5CA-6EF8321E595A}.Debug|Any CPU.Build.0 = Debug|Any CPU
		{B77DA69A-D154-427F-A5CA-6EF8321E595A}.Debug|x64.ActiveCfg = Debug|Any CPU
		{B77DA69A-D154-427F-A5CA-6EF8321E595A}.Debug|x64.Build.0 = Debug|Any CPU
		{B77DA69A-D154-427F-A5CA-6EF8321E595A}.Debug|x86.ActiveCfg = Debug|Any CPU
		{B77DA69A-D154-427F-A5CA-6EF8321E595A}.Debug|x86.Build.0 = Debug|Any CPU
		{B77DA69A-D154-427F-A5CA-6EF8321E595A}.Release|Any CPU.ActiveCfg = Release|Any CPU
		{B77DA69A-D154-427F-A5CA-6EF8321E595A}.Release|Any CPU.Build.0 = Release|Any CPU
		{B77DA69A-D154-427F-A5CA-6EF8321E595A}.Release|x64.ActiveCfg = Release|Any CPU
		{B77DA69A-D154-427F-A5CA-6EF8321E595A}.Release|x64.Build.0 = Release|Any CPU
		{B77DA69A-D154-427F-A5CA-6EF8321E595A}.Release|x86.ActiveCfg = Release|Any CPU
		{B77DA69A-D154-427F-A5CA-6EF8321E595A}.Release|x86.Build.0 = Release|Any CPU
	EndGlobalSection
	GlobalSection(SolutionProperties) = preSolution
		HideSolutionNode = FALSE
	EndGlobalSection
EndGlobal
